// !$*UTF8*$!
{
	archiveVersion = 1;
	classes = {};
	objectVersion = 56;
	objects = {

/* Begin PBXBuildFile section */
		SM000001 /* DreftApp.swift in Sources */ = {isa = PBXBuildFile; fileRef = SM100001; };
		SM000002 /* AppColors.swift in Sources */ = {isa = PBXBuildFile; fileRef = SM100002; };
		SM000003 /* CanvasModels.swift in Sources */ = {isa = PBXBuildFile; fileRef = SM100003; };
		SM000004 /* WorkspaceModels.swift in Sources */ = {isa = PBXBuildFile; fileRef = SM100004; };
		SM000005 /* CanvasStore.swift in Sources */ = {isa = PBXBuildFile; fileRef = SM100005; };
		SM000006 /* CanvasEdgesView.swift in Sources */ = {isa = PBXBuildFile; fileRef = SM100006; };
		SM000007 /* CanvasCardView.swift in Sources */ = {isa = PBXBuildFile; fileRef = SM100007; };
		SM000008 /* InfiniteCanvasView.swift in Sources */ = {isa = PBXBuildFile; fileRef = SM100008; };
		SM000009 /* VaultSearchSheet.swift in Sources */ = {isa = PBXBuildFile; fileRef = SM100009; };
		SM000010 /* IconRailView.swift in Sources */ = {isa = PBXBuildFile; fileRef = SM100010; };
		SM000011 /* SidebarView.swift in Sources */ = {isa = PBXBuildFile; fileRef = SM100011; };
		SM000012 /* WorkspaceShellView.swift in Sources */ = {isa = PBXBuildFile; fileRef = SM100012; };
		SM000013 /* Assets.xcassets in Resources */ = {isa = PBXBuildFile; fileRef = SM200001; };
		SM000052 /* PrivacyInfo.xcprivacy in Resources */ = {isa = PBXBuildFile; fileRef = SM200002; };
		SM000014 /* ImagePixelSize.swift in Sources */ = {isa = PBXBuildFile; fileRef = SM100014; };
		SM000015 /* CanvasImageCache.swift in Sources */ = {isa = PBXBuildFile; fileRef = SM100015; };
		SM000016 /* DotGridBackground.swift in Sources */ = {isa = PBXBuildFile; fileRef = SM100016; };
		SM000017 /* CachedCardImage.swift in Sources */ = {isa = PBXBuildFile; fileRef = SM100017; };
		SM000018 /* CanvasViewport.swift in Sources */ = {isa = PBXBuildFile; fileRef = SM100018; };
		SM000019 /* CanvasMath.swift in Sources */ = {isa = PBXBuildFile; fileRef = SM100019; };
		SM000020 /* CanvasLayout.swift in Sources */ = {isa = PBXBuildFile; fileRef = SM100020; };
		SM000021 /* CanvasEdgesScreenOverlay.swift in Sources */ = {isa = PBXBuildFile; fileRef = SM100021; };
		SM000022 /* WorkspaceStore.swift in Sources */ = {isa = PBXBuildFile; fileRef = SM100022; };
		SM000023 /* NoteEditorView.swift in Sources */ = {isa = PBXBuildFile; fileRef = SM100023; };
		SM000024 /* GraphView.swift in Sources */ = {isa = PBXBuildFile; fileRef = SM100024; };
		SM000025 /* VaultManagerView.swift in Sources */ = {isa = PBXBuildFile; fileRef = SM100025; };
		SM000026 /* CanvasDocumentRegistry.swift in Sources */ = {isa = PBXBuildFile; fileRef = SM100026; };
		SM000027 /* WorkspacePersistence.swift in Sources */ = {isa = PBXBuildFile; fileRef = SM100027; };
		SM000028 /* VaultFilesystem.swift in Sources */ = {isa = PBXBuildFile; fileRef = SM100028; };
		SM000029 /* WikilinkParser.swift in Sources */ = {isa = PBXBuildFile; fileRef = SM100029; };
		SM000030 /* GoToFileSheet.swift in Sources */ = {isa = PBXBuildFile; fileRef = SM100030; };
		SM000031 /* AdvancedColorPickerPopover.swift in Sources */ = {isa = PBXBuildFile; fileRef = SM100031; };
		SM000032 /* GraphLinkIndex.swift in Sources */ = {isa = PBXBuildFile; fileRef = SM100032; };
		SM000033 /* GraphCanvasLayer.swift in Sources */ = {isa = PBXBuildFile; fileRef = SM100033; };
		SM000034 /* VaultSecurityAccess.swift in Sources */ = {isa = PBXBuildFile; fileRef = SM100034; };
		SM000035 /* VaultErrors.swift in Sources */ = {isa = PBXBuildFile; fileRef = SM100035; };
		SM000036 /* NoteMarkdownRenderer.swift in Sources */ = {isa = PBXBuildFile; fileRef = SM100036; };
		SM000038 /* CanvasCardFloatingToolbarLayer.swift in Sources */ = {isa = PBXBuildFile; fileRef = SM100038; };
		SM000039 /* CanvasCardColorSwatchRow.swift in Sources */ = {isa = PBXBuildFile; fileRef = SM100039; };
		SM000040 /* NoteDocumentOptionsMenu.swift in Sources */ = {isa = PBXBuildFile; fileRef = SM100040; };
		SM000041 /* NoteLinkedLinksSheet.swift in Sources */ = {isa = PBXBuildFile; fileRef = SM100041; };
		SM000042 /* ShellSidebarResizeHandle.swift in Sources */ = {isa = PBXBuildFile; fileRef = SM100042; };
		SM000043 /* CanvasImageCardContextMenu.swift in Sources */ = {isa = PBXBuildFile; fileRef = SM100043; };
		SM000044 /* GraphLayoutPersistence.swift in Sources */ = {isa = PBXBuildFile; fileRef = SM100044; };
		SM000045 /* GraphLinkIndexPersistence.swift in Sources */ = {isa = PBXBuildFile; fileRef = SM100045; };
		SM000046 /* GraphBarnesHut.swift in Sources */ = {isa = PBXBuildFile; fileRef = SM100046; };
		SM000047 /* CanvasSpatialIndex.swift in Sources */ = {isa = PBXBuildFile; fileRef = SM100047; };
		SM000048 /* GoToFileSearchIndex.swift in Sources */ = {isa = PBXBuildFile; fileRef = SM100048; };
		SM000049 /* VaultFilesystemWatcher.swift in Sources */ = {isa = PBXBuildFile; fileRef = SM100049; };
		SM000050 /* CanvasDocumentPersistence.swift in Sources */ = {isa = PBXBuildFile; fileRef = SM100050; };
		SM000051 /* DataSafetyUpgradeTests.swift in Sources */ = {isa = PBXBuildFile; fileRef = SM100051; };
		SM000053 /* DreftBrandMark.swift in Sources */ = {isa = PBXBuildFile; fileRef = SM100052; };
		SM000054 /* DreftHelpView.swift in Sources */ = {isa = PBXBuildFile; fileRef = SM100053; };
		SM000055 /* WikilinkEditorSupport.swift in Sources */ = {isa = PBXBuildFile; fileRef = SM100054; };
		SM000056 /* NoteBodyTextView.swift in Sources */ = {isa = PBXBuildFile; fileRef = SM100055; };
		SM000057 /* WikilinkSuggestPopover.swift in Sources */ = {isa = PBXBuildFile; fileRef = SM100056; };
		SM000058 /* AddBookmarkSheet.swift in Sources */ = {isa = PBXBuildFile; fileRef = SM100057; };
		SM000059 /* CanvasDocumentOptionsMenu.swift in Sources */ = {isa = PBXBuildFile; fileRef = SM100058; };
		SM000060 /* CanvasExportView.swift in Sources */ = {isa = PBXBuildFile; fileRef = SM100059; };
		SM000061 /* CanvasVersionHistorySheet.swift in Sources */ = {isa = PBXBuildFile; fileRef = SM100060; };
		SM000062 /* CanvasImageExportSheet.swift in Sources */ = {isa = PBXBuildFile; fileRef = SM100061; };
		SM000063 /* AppTheme.swift in Sources */ = {isa = PBXBuildFile; fileRef = SM100062; };
		SM000064 /* AppearanceMode.swift in Sources */ = {isa = PBXBuildFile; fileRef = SM100063; };
		SM000065 /* CanvasFloatingToolbarChrome.swift in Sources */ = {isa = PBXBuildFile; fileRef = SM100064; };
		SM000066 /* AppearanceSettingsSection.swift in Sources */ = {isa = PBXBuildFile; fileRef = SM100065; };
		SM000067 /* CanvasIPadRightToolbar.swift in Sources */ = {isa = PBXBuildFile; fileRef = SM100066; };
		SM000068 /* CanvasIPadBottomToolbar.swift in Sources */ = {isa = PBXBuildFile; fileRef = SM100067; };
/* End PBXBuildFile section */

/* Begin PBXFileReference section */
		SM100001 /* DreftApp.swift */ = {isa = PBXFileReference; lastKnownFileType = sourcecode.swift; path = DreftApp.swift; sourceTree = "<group>"; };
		SM100002 /* AppColors.swift */ = {isa = PBXFileReference; lastKnownFileType = sourcecode.swift; path = AppColors.swift; sourceTree = "<group>"; };
		SM100003 /* CanvasModels.swift */ = {isa = PBXFileReference; lastKnownFileType = sourcecode.swift; path = CanvasModels.swift; sourceTree = "<group>"; };
		SM100004 /* WorkspaceModels.swift */ = {isa = PBXFileReference; lastKnownFileType = sourcecode.swift; path = WorkspaceModels.swift; sourceTree = "<group>"; };
		SM100005 /* CanvasStore.swift */ = {isa = PBXFileReference; lastKnownFileType = sourcecode.swift; path = CanvasStore.swift; sourceTree = "<group>"; };
		SM100006 /* CanvasEdgesView.swift */ = {isa = PBXFileReference; lastKnownFileType = sourcecode.swift; path = CanvasEdgesView.swift; sourceTree = "<group>"; };
		SM100007 /* CanvasCardView.swift */ = {isa = PBXFileReference; lastKnownFileType = sourcecode.swift; path = CanvasCardView.swift; sourceTree = "<group>"; };
		SM100008 /* InfiniteCanvasView.swift */ = {isa = PBXFileReference; lastKnownFileType = sourcecode.swift; path = InfiniteCanvasView.swift; sourceTree = "<group>"; };
		SM100009 /* VaultSearchSheet.swift */ = {isa = PBXFileReference; lastKnownFileType = sourcecode.swift; path = VaultSearchSheet.swift; sourceTree = "<group>"; };
		SM100010 /* IconRailView.swift */ = {isa = PBXFileReference; lastKnownFileType = sourcecode.swift; path = IconRailView.swift; sourceTree = "<group>"; };
		SM100011 /* SidebarView.swift */ = {isa = PBXFileReference; lastKnownFileType = sourcecode.swift; path = SidebarView.swift; sourceTree = "<group>"; };
		SM100012 /* WorkspaceShellView.swift */ = {isa = PBXFileReference; lastKnownFileType = sourcecode.swift; path = WorkspaceShellView.swift; sourceTree = "<group>"; };
		SM100014 /* ImagePixelSize.swift */ = {isa = PBXFileReference; lastKnownFileType = sourcecode.swift; path = ImagePixelSize.swift; sourceTree = "<group>"; };
		SM100015 /* CanvasImageCache.swift */ = {isa = PBXFileReference; lastKnownFileType = sourcecode.swift; path = CanvasImageCache.swift; sourceTree = "<group>"; };
		SM100016 /* DotGridBackground.swift */ = {isa = PBXFileReference; lastKnownFileType = sourcecode.swift; path = DotGridBackground.swift; sourceTree = "<group>"; };
		SM100017 /* CachedCardImage.swift */ = {isa = PBXFileReference; lastKnownFileType = sourcecode.swift; path = CachedCardImage.swift; sourceTree = "<group>"; };
		SM100018 /* CanvasViewport.swift */ = {isa = PBXFileReference; lastKnownFileType = sourcecode.swift; path = CanvasViewport.swift; sourceTree = "<group>"; };
		SM100019 /* CanvasMath.swift */ = {isa = PBXFileReference; lastKnownFileType = sourcecode.swift; path = CanvasMath.swift; sourceTree = "<group>"; };
		SM100020 /* CanvasLayout.swift */ = {isa = PBXFileReference; lastKnownFileType = sourcecode.swift; path = CanvasLayout.swift; sourceTree = "<group>"; };
		SM100021 /* CanvasEdgesScreenOverlay.swift */ = {isa = PBXFileReference; lastKnownFileType = sourcecode.swift; path = CanvasEdgesScreenOverlay.swift; sourceTree = "<group>"; };
		SM100022 /* WorkspaceStore.swift */ = {isa = PBXFileReference; lastKnownFileType = sourcecode.swift; path = WorkspaceStore.swift; sourceTree = "<group>"; };
		SM100023 /* NoteEditorView.swift */ = {isa = PBXFileReference; lastKnownFileType = sourcecode.swift; path = NoteEditorView.swift; sourceTree = "<group>"; };
		SM100024 /* GraphView.swift */ = {isa = PBXFileReference; lastKnownFileType = sourcecode.swift; path = GraphView.swift; sourceTree = "<group>"; };
		SM100025 /* VaultManagerView.swift */ = {isa = PBXFileReference; lastKnownFileType = sourcecode.swift; path = VaultManagerView.swift; sourceTree = "<group>"; };
		SM100026 /* CanvasDocumentRegistry.swift */ = {isa = PBXFileReference; lastKnownFileType = sourcecode.swift; path = CanvasDocumentRegistry.swift; sourceTree = "<group>"; };
		SM100027 /* WorkspacePersistence.swift */ = {isa = PBXFileReference; lastKnownFileType = sourcecode.swift; path = WorkspacePersistence.swift; sourceTree = "<group>"; };
		SM100028 /* VaultFilesystem.swift */ = {isa = PBXFileReference; lastKnownFileType = sourcecode.swift; path = VaultFilesystem.swift; sourceTree = "<group>"; };
		SM100029 /* WikilinkParser.swift */ = {isa = PBXFileReference; lastKnownFileType = sourcecode.swift; path = WikilinkParser.swift; sourceTree = "<group>"; };
		SM100030 /* GoToFileSheet.swift */ = {isa = PBXFileReference; lastKnownFileType = sourcecode.swift; path = GoToFileSheet.swift; sourceTree = "<group>"; };
		SM100031 /* AdvancedColorPickerPopover.swift */ = {isa = PBXFileReference; lastKnownFileType = sourcecode.swift; path = AdvancedColorPickerPopover.swift; sourceTree = "<group>"; };
		SM100032 /* GraphLinkIndex.swift */ = {isa = PBXFileReference; lastKnownFileType = sourcecode.swift; path = GraphLinkIndex.swift; sourceTree = "<group>"; };
		SM100033 /* GraphCanvasLayer.swift */ = {isa = PBXFileReference; lastKnownFileType = sourcecode.swift; path = GraphCanvasLayer.swift; sourceTree = "<group>"; };
		SM100034 /* VaultSecurityAccess.swift */ = {isa = PBXFileReference; lastKnownFileType = sourcecode.swift; path = VaultSecurityAccess.swift; sourceTree = "<group>"; };
		SM100035 /* VaultErrors.swift */ = {isa = PBXFileReference; lastKnownFileType = sourcecode.swift; path = VaultErrors.swift; sourceTree = "<group>"; };
		SM100036 /* NoteMarkdownRenderer.swift */ = {isa = PBXFileReference; lastKnownFileType = sourcecode.swift; path = NoteMarkdownRenderer.swift; sourceTree = "<group>"; };
		SM100038 /* CanvasCardFloatingToolbarLayer.swift */ = {isa = PBXFileReference; lastKnownFileType = sourcecode.swift; path = CanvasCardFloatingToolbarLayer.swift; sourceTree = "<group>"; };
		SM100039 /* CanvasCardColorSwatchRow.swift */ = {isa = PBXFileReference; lastKnownFileType = sourcecode.swift; path = CanvasCardColorSwatchRow.swift; sourceTree = "<group>"; };
		SM100040 /* NoteDocumentOptionsMenu.swift */ = {isa = PBXFileReference; lastKnownFileType = sourcecode.swift; path = NoteDocumentOptionsMenu.swift; sourceTree = "<group>"; };
		SM100041 /* NoteLinkedLinksSheet.swift */ = {isa = PBXFileReference; lastKnownFileType = sourcecode.swift; path = NoteLinkedLinksSheet.swift; sourceTree = "<group>"; };
		SM100042 /* ShellSidebarResizeHandle.swift */ = {isa = PBXFileReference; lastKnownFileType = sourcecode.swift; path = ShellSidebarResizeHandle.swift; sourceTree = "<group>"; };
		SM100043 /* CanvasImageCardContextMenu.swift */ = {isa = PBXFileReference; lastKnownFileType = sourcecode.swift; path = CanvasImageCardContextMenu.swift; sourceTree = "<group>"; };
		SM100044 /* GraphLayoutPersistence.swift */ = {isa = PBXFileReference; lastKnownFileType = sourcecode.swift; path = GraphLayoutPersistence.swift; sourceTree = "<group>"; };
		SM100045 /* GraphLinkIndexPersistence.swift */ = {isa = PBXFileReference; lastKnownFileType = sourcecode.swift; path = GraphLinkIndexPersistence.swift; sourceTree = "<group>"; };
		SM100046 /* GraphBarnesHut.swift */ = {isa = PBXFileReference; lastKnownFileType = sourcecode.swift; path = GraphBarnesHut.swift; sourceTree = "<group>"; };
		SM100047 /* CanvasSpatialIndex.swift */ = {isa = PBXFileReference; lastKnownFileType = sourcecode.swift; path = CanvasSpatialIndex.swift; sourceTree = "<group>"; };
		SM100048 /* GoToFileSearchIndex.swift */ = {isa = PBXFileReference; lastKnownFileType = sourcecode.swift; path = GoToFileSearchIndex.swift; sourceTree = "<group>"; };
		SM100049 /* VaultFilesystemWatcher.swift */ = {isa = PBXFileReference; lastKnownFileType = sourcecode.swift; path = VaultFilesystemWatcher.swift; sourceTree = "<group>"; };
		SM100050 /* CanvasDocumentPersistence.swift */ = {isa = PBXFileReference; lastKnownFileType = sourcecode.swift; path = CanvasDocumentPersistence.swift; sourceTree = "<group>"; };
		SM100051 /* DataSafetyUpgradeTests.swift */ = {isa = PBXFileReference; lastKnownFileType = sourcecode.swift; path = DataSafetyUpgradeTests.swift; sourceTree = "<group>"; };
		SM100052 /* DreftBrandMark.swift */ = {isa = PBXFileReference; lastKnownFileType = sourcecode.swift; path = DreftBrandMark.swift; sourceTree = "<group>"; };
		SM100053 /* DreftHelpView.swift */ = {isa = PBXFileReference; lastKnownFileType = sourcecode.swift; path = DreftHelpView.swift; sourceTree = "<group>"; };
		SM100054 /* WikilinkEditorSupport.swift */ = {isa = PBXFileReference; lastKnownFileType = sourcecode.swift; path = WikilinkEditorSupport.swift; sourceTree = "<group>"; };
		SM100055 /* NoteBodyTextView.swift */ = {isa = PBXFileReference; lastKnownFileType = sourcecode.swift; path = NoteBodyTextView.swift; sourceTree = "<group>"; };
		SM100056 /* WikilinkSuggestPopover.swift */ = {isa = PBXFileReference; lastKnownFileType = sourcecode.swift; path = WikilinkSuggestPopover.swift; sourceTree = "<group>"; };
		SM100057 /* AddBookmarkSheet.swift */ = {isa = PBXFileReference; lastKnownFileType = sourcecode.swift; path = AddBookmarkSheet.swift; sourceTree = "<group>"; };
		SM100058 /* CanvasDocumentOptionsMenu.swift */ = {isa = PBXFileReference; lastKnownFileType = sourcecode.swift; path = CanvasDocumentOptionsMenu.swift; sourceTree = "<group>"; };
		SM100059 /* CanvasExportView.swift */ = {isa = PBXFileReference; lastKnownFileType = sourcecode.swift; path = CanvasExportView.swift; sourceTree = "<group>"; };
		SM100060 /* CanvasVersionHistorySheet.swift */ = {isa = PBXFileReference; lastKnownFileType = sourcecode.swift; path = CanvasVersionHistorySheet.swift; sourceTree = "<group>"; };
		SM100061 /* CanvasImageExportSheet.swift */ = {isa = PBXFileReference; lastKnownFileType = sourcecode.swift; path = CanvasImageExportSheet.swift; sourceTree = "<group>"; };
		SM100062 /* AppTheme.swift */ = {isa = PBXFileReference; lastKnownFileType = sourcecode.swift; path = AppTheme.swift; sourceTree = "<group>"; };
		SM100063 /* AppearanceMode.swift */ = {isa = PBXFileReference; lastKnownFileType = sourcecode.swift; path = AppearanceMode.swift; sourceTree = "<group>"; };
		SM100064 /* CanvasFloatingToolbarChrome.swift */ = {isa = PBXFileReference; lastKnownFileType = sourcecode.swift; path = CanvasFloatingToolbarChrome.swift; sourceTree = "<group>"; };
		SM100065 /* AppearanceSettingsSection.swift */ = {isa = PBXFileReference; lastKnownFileType = sourcecode.swift; path = AppearanceSettingsSection.swift; sourceTree = "<group>"; };
		SM100066 /* CanvasIPadRightToolbar.swift */ = {isa = PBXFileReference; lastKnownFileType = sourcecode.swift; path = CanvasIPadRightToolbar.swift; sourceTree = "<group>"; };
		SM100067 /* CanvasIPadBottomToolbar.swift */ = {isa = PBXFileReference; lastKnownFileType = sourcecode.swift; path = CanvasIPadBottomToolbar.swift; sourceTree = "<group>"; };
		SM100037 /* Dreft.entitlements */ = {isa = PBXFileReference; lastKnownFileType = text.plist.entitlements; path = Dreft.entitlements; sourceTree = "<group>"; };
		SM200001 /* Assets.xcassets */ = {isa = PBXFileReference; lastKnownFileType = folder.assetcatalog; path = Assets.xcassets; sourceTree = "<group>"; };
		SM200002 /* PrivacyInfo.xcprivacy */ = {isa = PBXFileReference; lastKnownFileType = text.xml; path = PrivacyInfo.xcprivacy; sourceTree = "<group>"; };
		SM300001 /* Dreft.app */ = {isa = PBXFileReference; explicitFileType = wrapper.application; includeInIndex = 0; path = Dreft.app; sourceTree = BUILT_PRODUCTS_DIR; };
		SM300002 /* DreftTests.xctest */ = {isa = PBXFileReference; explicitFileType = wrapper.cfbundle; includeInIndex = 0; path = DreftTests.xctest; sourceTree = BUILT_PRODUCTS_DIR; };
/* End PBXFileReference section */

/* Begin PBXFrameworksBuildPhase section */
		SM400001 /* Frameworks */ = {
			isa = PBXFrameworksBuildPhase;
			buildActionMask = 2147483647;
			files = ();
			runOnlyForDeploymentPostprocessing = 0;
		};
		SM400002 /* Frameworks */ = {
			isa = PBXFrameworksBuildPhase;
			buildActionMask = 2147483647;
			files = ();
			runOnlyForDeploymentPostprocessing = 0;
		};
/* End PBXFrameworksBuildPhase section */

/* Begin PBXGroup section */
		SM500001 = {
			isa = PBXGroup;
			children = (SM500002 /* Dreft */, SM500012 /* DreftTests */, SM500003 /* Products */);
			sourceTree = "<group>";
		};
		SM500002 /* Dreft */ = {
			isa = PBXGroup;
			children = (
				SM100001 /* DreftApp.swift */,
				SM100037 /* Dreft.entitlements */,
				SM500004 /* Theme */,
				SM500005 /* Models */,
				SM500006 /* Store */,
				SM500011 /* Helpers */,
				SM500008 /* Views */,
				SM200001 /* Assets.xcassets */,
				SM200002 /* PrivacyInfo.xcprivacy */,
			);
			path = Dreft;
			sourceTree = "<group>";
		};
		SM500003 /* Products */ = {
			isa = PBXGroup;
			children = (SM300001 /* Dreft.app */, SM300002 /* DreftTests.xctest */);
			name = Products;
			sourceTree = "<group>";
		};
		SM500012 /* DreftTests */ = {
			isa = PBXGroup;
			children = (SM100051 /* DataSafetyUpgradeTests.swift */);
			path = DreftTests;
			sourceTree = "<group>";
		};
		SM500004 /* Theme */ = {
			isa = PBXGroup;
			children = (SM100002 /* AppColors.swift */, SM100062 /* AppTheme.swift */, SM100063 /* AppearanceMode.swift */);
			path = Theme;
			sourceTree = "<group>";
		};
		SM500005 /* Models */ = {
			isa = PBXGroup;
			children = (SM100003 /* CanvasModels.swift */, SM100004 /* WorkspaceModels.swift */);
			path = Models;
			sourceTree = "<group>";
		};
		SM500006 /* Store */ = {
			isa = PBXGroup;
			children = (SM100005 /* CanvasStore.swift */, SM100022 /* WorkspaceStore.swift */, SM100026 /* CanvasDocumentRegistry.swift */, SM100027 /* WorkspacePersistence.swift */, SM100028 /* VaultFilesystem.swift */, SM100050 /* CanvasDocumentPersistence.swift */);
			path = Store;
			sourceTree = "<group>";
		};
		SM500011 /* Helpers */ = {
			isa = PBXGroup;
			children = (SM100014 /* ImagePixelSize.swift */, SM100015 /* CanvasImageCache.swift */, SM100018 /* CanvasViewport.swift */, SM100019 /* CanvasMath.swift */, SM100020 /* CanvasLayout.swift */, SM100029 /* WikilinkParser.swift */, SM100054 /* WikilinkEditorSupport.swift */, SM100031 /* AdvancedColorPickerPopover.swift */, SM100032 /* GraphLinkIndex.swift */, SM100044 /* GraphLayoutPersistence.swift */, SM100045 /* GraphLinkIndexPersistence.swift */, SM100046 /* GraphBarnesHut.swift */, SM100047 /* CanvasSpatialIndex.swift */, SM100048 /* GoToFileSearchIndex.swift */, SM100049 /* VaultFilesystemWatcher.swift */, SM100034 /* VaultSecurityAccess.swift */, SM100035 /* VaultErrors.swift */, SM100036 /* NoteMarkdownRenderer.swift */);
			path = Helpers;
			sourceTree = "<group>";
		};
		SM500008 /* Views */ = {
			isa = PBXGroup;
			children = (SM500009 /* Canvas */, SM500010 /* Shell */);
			path = Views;
			sourceTree = "<group>";
		};
		SM500009 /* Canvas */ = {
			isa = PBXGroup;
			children = (SM100006, SM100007, SM100008, SM100009, SM100016, SM100017, SM100021, SM100038, SM100039, SM100043, SM100059, SM100064, SM100066, SM100067);
			path = Canvas;
			sourceTree = "<group>";
		};
		SM500010 /* Shell */ = {
			isa = PBXGroup;
			children = (SM100010, SM100011, SM100012, SM100023, SM100024, SM100025, SM100030, SM100033, SM100040, SM100041, SM100042, SM100052, SM100053, SM100055, SM100056, SM100057, SM100058, SM100060, SM100061, SM100065);
			path = Shell;
			sourceTree = "<group>";
		};
/* End PBXGroup section */

/* Begin PBXNativeTarget section */
		SM600001 /* Dreft */ = {
			isa = PBXNativeTarget;
			buildConfigurationList = SM800003;
			buildPhases = (SM700001 /* Sources */, SM400001 /* Frameworks */, SM700002 /* Resources */);
			buildRules = ();
			dependencies = ();
			name = Dreft;
			productName = Dreft;
			productReference = SM300001 /* Dreft.app */;
			productType = "com.apple.product-type.application";
		};
		SM600002 /* DreftTests */ = {
			isa = PBXNativeTarget;
			buildConfigurationList = SM800004;
			buildPhases = (SM700003 /* Sources */, SM400002 /* Frameworks */, SM700004 /* Resources */);
			buildRules = ();
			dependencies = (SM610002 /* PBXTargetDependency */);
			name = DreftTests;
			productName = DreftTests;
			productReference = SM300002 /* DreftTests.xctest */;
			productType = "com.apple.product-type.bundle.unit-test";
		};
/* End PBXNativeTarget section */

/* Begin PBXContainerItemProxy section */
		SM610001 /* PBXContainerItemProxy */ = {
			isa = PBXContainerItemProxy;
			containerPortal = SM600000 /* Project object */;
			proxyType = 1;
			remoteGlobalIDString = SM600001;
			remoteInfo = Dreft;
		};
/* End PBXContainerItemProxy section */

/* Begin PBXTargetDependency section */
		SM610002 /* PBXTargetDependency */ = {
			isa = PBXTargetDependency;
			target = SM600001 /* Dreft */;
			targetProxy = SM610001 /* PBXContainerItemProxy */;
		};
/* End PBXTargetDependency section */

/* Begin PBXProject section */
		SM600000 /* Project object */ = {
			isa = PBXProject;
			attributes = { BuildIndependentTargetsInParallel = 1; LastSwiftUpdateCheck = 2650; LastUpgradeCheck = 2650; };
			buildConfigurationList = SM800001;
			compatibilityVersion = "Xcode 14.0";
			developmentRegion = en;
			hasScannedForEncodings = 0;
			knownRegions = (en, Base);
			mainGroup = SM500001;
			productRefGroup = SM500003 /* Products */;
			projectDirPath = "";
			projectRoot = "";
			targets = (SM600001 /* Dreft */, SM600002 /* DreftTests */);
		};
/* End PBXProject section */

/* Begin PBXResourcesBuildPhase section */
		SM700002 /* Resources */ = {
			isa = PBXResourcesBuildPhase;
			buildActionMask = 2147483647;
			files = (SM000013 /* Assets.xcassets in Resources */, SM000052 /* PrivacyInfo.xcprivacy in Resources */);
			runOnlyForDeploymentPostprocessing = 0;
		};
		SM700004 /* Resources */ = {
			isa = PBXResourcesBuildPhase;
			buildActionMask = 2147483647;
			files = ();
			runOnlyForDeploymentPostprocessing = 0;
		};
/* End PBXResourcesBuildPhase section */

/* Begin PBXSourcesBuildPhase section */
		SM700001 /* Sources */ = {
			isa = PBXSourcesBuildPhase;
			buildActionMask = 2147483647;
			files = (SM000001, SM000002, SM000003, SM000004, SM000005, SM000006, SM000007, SM000008, SM000009, SM000010, SM000011, SM000012, SM000014, SM000015, SM000016, SM000017, SM000018, SM000019, SM000020, SM000021, SM000022, SM000023, SM000024, SM000025, SM000026, SM000027, SM000028, SM000029, SM000030, SM000031, SM000032, SM000033, SM000034, SM000035, SM000036, SM000038, SM000039, SM000040, SM000041, SM000042, SM000043, SM000044, SM000045, SM000046, SM000047, SM000048, SM000049, SM000050, SM000053, SM000054, SM000055, SM000056, SM000057, SM000058, SM000059, SM000060, SM000061, SM000062, SM000063, SM000064, SM000065, SM000066, SM000067, SM000068);
			runOnlyForDeploymentPostprocessing = 0;
		};
		SM700003 /* Sources */ = {
			isa = PBXSourcesBuildPhase;
			buildActionMask = 2147483647;
			files = (SM000051 /* DataSafetyUpgradeTests.swift in Sources */);
			runOnlyForDeploymentPostprocessing = 0;
		};
/* End PBXSourcesBuildPhase section */

/* Begin XCBuildConfiguration section */
		SM900001 /* Debug */ = {
			isa = XCBuildConfiguration;
			buildSettings = {
				ALWAYS_SEARCH_USER_PATHS = NO;
				ASSETCATALOG_COMPILER_GENERATE_SWIFT_ASSET_SYMBOL_EXTENSIONS = YES;
				CLANG_ENABLE_MODULES = YES;
				CLANG_ENABLE_OBJC_ARC = YES;
				COPY_PHASE_STRIP = NO;
				DEBUG_INFORMATION_FORMAT = dwarf;
				ENABLE_STRICT_OBJC_MSGSEND = YES;
				ENABLE_USER_SCRIPT_SANDBOXING = YES;
				ENABLE_TESTABILITY = YES;
				GCC_DYNAMIC_NO_PIC = NO;
				GCC_OPTIMIZATION_LEVEL = 0;
				IPHONEOS_DEPLOYMENT_TARGET = 17.0;
				MACOSX_DEPLOYMENT_TARGET = 14.0;
				MTL_ENABLE_DEBUG_INFO = INCLUDE_SOURCE;
				ONLY_ACTIVE_ARCH = YES;
				SWIFT_ACTIVE_COMPILATION_CONDITIONS = "DEBUG $(inherited)";
				SWIFT_OPTIMIZATION_LEVEL = "-Onone";
			};
			name = Debug;
		};
		SM900002 /* Release */ = {
			isa = XCBuildConfiguration;
			buildSettings = {
				ALWAYS_SEARCH_USER_PATHS = NO;
				ASSETCATALOG_COMPILER_GENERATE_SWIFT_ASSET_SYMBOL_EXTENSIONS = YES;
				CLANG_ENABLE_MODULES = YES;
				CLANG_ENABLE_OBJC_ARC = YES;
				COPY_PHASE_STRIP = NO;
				DEBUG_INFORMATION_FORMAT = "dwarf-with-dsym";
				ENABLE_STRICT_OBJC_MSGSEND = YES;
				ENABLE_USER_SCRIPT_SANDBOXING = YES;
				IPHONEOS_DEPLOYMENT_TARGET = 17.0;
				MACOSX_DEPLOYMENT_TARGET = 14.0;
				MTL_ENABLE_DEBUG_INFO = NO;
				SWIFT_COMPILATION_MODE = wholemodule;
				VALIDATE_PRODUCT = YES;
			};
			name = Release;
		};
		SM900003 /* Debug */ = {
			isa = XCBuildConfiguration;
			buildSettings = {
				ASSETCATALOG_COMPILER_APPICON_NAME = AppIcon;
				ASSETCATALOG_COMPILER_GLOBAL_ACCENT_COLOR_NAME = AccentColor;
				CODE_SIGN_ENTITLEMENTS = Dreft/Dreft.entitlements;
				CODE_SIGN_STYLE = Automatic;
				CURRENT_PROJECT_VERSION = 1;
				DEVELOPMENT_TEAM = "";
				ENABLE_HARDENED_RUNTIME = YES;
				ENABLE_PREVIEWS = YES;
				GENERATE_INFOPLIST_FILE = YES;
				INFOPLIST_KEY_CFBundleDisplayName = Dreft;
				INFOPLIST_KEY_LSApplicationCategoryType = "public.app-category.productivity";
				INFOPLIST_KEY_NSHumanReadableCopyright = "";
				INFOPLIST_KEY_NSPhotoLibraryUsageDescription = "Dreft uses photos you select to add image cards to your canvas.";
				INFOPLIST_KEY_UIApplicationSceneManifest_Generation = YES;
				INFOPLIST_KEY_UIApplicationSupportsIndirectInputEvents = YES;
				INFOPLIST_KEY_UILaunchScreen_Generation = YES;
				INFOPLIST_KEY_UISupportedInterfaceOrientations_iPad = "UIInterfaceOrientationPortrait UIInterfaceOrientationPortraitUpsideDown UIInterfaceOrientationLandscapeLeft UIInterfaceOrientationLandscapeRight";
				LD_RUNPATH_SEARCH_PATHS = ("$(inherited)", "@executable_path/../Frameworks", "@executable_path/Frameworks");
				MARKETING_VERSION = 1.0;
				PRODUCT_BUNDLE_IDENTIFIER = com.aiflowhustle.dreft;
				PRODUCT_NAME = "$(TARGET_NAME)";
				SDKROOT = auto;
				SUPPORTED_PLATFORMS = "iphoneos iphonesimulator macosx";
				SUPPORTS_MACCATALYST = NO;
				SWIFT_EMIT_LOC_STRINGS = YES;
				SWIFT_VERSION = 5.0;
				TARGETED_DEVICE_FAMILY = 2;
			};
			name = Debug;
		};
		SM900004 /* Release */ = {
			isa = XCBuildConfiguration;
			buildSettings = {
				ASSETCATALOG_COMPILER_APPICON_NAME = AppIcon;
				ASSETCATALOG_COMPILER_GLOBAL_ACCENT_COLOR_NAME = AccentColor;
				CODE_SIGN_ENTITLEMENTS = Dreft/Dreft.entitlements;
				CODE_SIGN_STYLE = Automatic;
				CURRENT_PROJECT_VERSION = 1;
				DEVELOPMENT_TEAM = "";
				ENABLE_HARDENED_RUNTIME = YES;
				ENABLE_PREVIEWS = YES;
				GENERATE_INFOPLIST_FILE = YES;
				INFOPLIST_KEY_CFBundleDisplayName = Dreft;
				INFOPLIST_KEY_LSApplicationCategoryType = "public.app-category.productivity";
				INFOPLIST_KEY_NSHumanReadableCopyright = "";
				INFOPLIST_KEY_NSPhotoLibraryUsageDescription = "Dreft uses photos you select to add image cards to your canvas.";
				INFOPLIST_KEY_UIApplicationSceneManifest_Generation = YES;
				INFOPLIST_KEY_UIApplicationSupportsIndirectInputEvents = YES;
				INFOPLIST_KEY_UILaunchScreen_Generation = YES;
				INFOPLIST_KEY_UISupportedInterfaceOrientations_iPad = "UIInterfaceOrientationPortrait UIInterfaceOrientationPortraitUpsideDown UIInterfaceOrientationLandscapeLeft UIInterfaceOrientationLandscapeRight";
				LD_RUNPATH_SEARCH_PATHS = ("$(inherited)", "@executable_path/../Frameworks", "@executable_path/Frameworks");
				MARKETING_VERSION = 1.0;
				PRODUCT_BUNDLE_IDENTIFIER = com.aiflowhustle.dreft;
				PRODUCT_NAME = "$(TARGET_NAME)";
				SDKROOT = auto;
				SUPPORTED_PLATFORMS = "iphoneos iphonesimulator macosx";
				SUPPORTS_MACCATALYST = NO;
				SWIFT_EMIT_LOC_STRINGS = YES;
				SWIFT_VERSION = 5.0;
				TARGETED_DEVICE_FAMILY = 2;
			};
			name = Release;
		};
		SM900005 /* Debug */ = {
			isa = XCBuildConfiguration;
			buildSettings = {
				BUNDLE_LOADER = "$(TEST_HOST)";
				CODE_SIGN_STYLE = Automatic;
				CURRENT_PROJECT_VERSION = 1;
				DEVELOPMENT_TEAM = "";
				GENERATE_INFOPLIST_FILE = YES;
				IPHONEOS_DEPLOYMENT_TARGET = 17.0;
				MACOSX_DEPLOYMENT_TARGET = 14.0;
				MARKETING_VERSION = 1.0;
				PRODUCT_BUNDLE_IDENTIFIER = com.aiflowhustle.dreft.tests;
				PRODUCT_NAME = "$(TARGET_NAME)";
				SDKROOT = auto;
				SUPPORTED_PLATFORMS = "iphoneos iphonesimulator macosx";
				SWIFT_VERSION = 5.0;
				TARGETED_DEVICE_FAMILY = 2;
				TEST_HOST = "$(BUILT_PRODUCTS_DIR)/Dreft.app/Contents/MacOS/Dreft";
			};
			name = Debug;
		};
		SM900006 /* Release */ = {
			isa = XCBuildConfiguration;
			buildSettings = {
				BUNDLE_LOADER = "$(TEST_HOST)";
				CODE_SIGN_STYLE = Automatic;
				CURRENT_PROJECT_VERSION = 1;
				DEVELOPMENT_TEAM = "";
				GENERATE_INFOPLIST_FILE = YES;
				IPHONEOS_DEPLOYMENT_TARGET = 17.0;
				MACOSX_DEPLOYMENT_TARGET = 14.0;
				MARKETING_VERSION = 1.0;
				PRODUCT_BUNDLE_IDENTIFIER = com.aiflowhustle.dreft.tests;
				PRODUCT_NAME = "$(TARGET_NAME)";
				SDKROOT = auto;
				SUPPORTED_PLATFORMS = "iphoneos iphonesimulator macosx";
				SWIFT_VERSION = 5.0;
				TARGETED_DEVICE_FAMILY = 2;
				TEST_HOST = "$(BUILT_PRODUCTS_DIR)/Dreft.app/Contents/MacOS/Dreft";
			};
			name = Release;
		};
/* End XCBuildConfiguration section */

/* Begin XCConfigurationList section */
		SM800001 /* Build configuration list for PBXProject */ = {
			isa = XCConfigurationList;
			buildConfigurations = (SM900001 /* Debug */, SM900002 /* Release */);
			defaultConfigurationIsVisible = 0;
			defaultConfigurationName = Release;
		};
		SM800003 /* Build configuration list for PBXNativeTarget */ = {
			isa = XCConfigurationList;
			buildConfigurations = (SM900003 /* Debug */, SM900004 /* Release */);
			defaultConfigurationIsVisible = 0;
			defaultConfigurationName = Release;
		};
		SM800004 /* Build configuration list for PBXNativeTarget */ = {
			isa = XCConfigurationList;
			buildConfigurations = (SM900005 /* Debug */, SM900006 /* Release */);
			defaultConfigurationIsVisible = 0;
			defaultConfigurationName = Release;
		};
/* End XCConfigurationList section */
	};
	rootObject = SM600000 /* Project object */;
}
